// !$*UTF8*$!
{
	archiveVersion = 1;
	classes = {
	};
	objectVersion = 55;
	objects = {

/* Begin PBXBuildFile section */
		79C922232896D18E0099B78A /* DragDropToyApp.swift in Sources */ = {isa = PBXBuildFile; fileRef = 79C922222896D18E0099B78A /* DragDropToyApp.swift */; };
		79C922272896D18E0099B78A /* Assets.xcassets in Resources */ = {isa = PBXBuildFile; fileRef = 79C922262896D18E0099B78A /* Assets.xcassets */; };
		79C9222A2896D18E0099B78A /* Preview Assets.xcassets in Resources */ = {isa = PBXBuildFile; fileRef = 79C922292896D18E0099B78A /* Preview Assets.xcassets */; };
		79C922312896D1C30099B78A /* ToyViewModel.swift in Sources */ = {isa = PBXBuildFile; fileRef = 79C922302896D1C30099B78A /* ToyViewModel.swift */; };
		79C922332896D1E30099B78A /* BabyToyView.swift in Sources */ = {isa = PBXBuildFile; fileRef = 79C922322896D1E30099B78A /* BabyToyView.swift */; };
		79C922352896D2010099B78A /* DraggableToy.swift in Sources */ = {isa = PBXBuildFile; fileRef = 79C922342896D2010099B78A /* DraggableToy.swift */; };
		79C922372896D2110099B78A /* ToyContainer.swift in Sources */ = {isa = PBXBuildFile; fileRef = 79C922362896D2110099B78A /* ToyContainer.swift */; };
		79C922392896D22B0099B78A /* Toy.swift in Sources */ = {isa = PBXBuildFile; fileRef = 79C922382896D22B0099B78A /* Toy.swift */; };
		79E1F5292897960E00458B04 /* Description.swift in Sources */ = {isa = PBXBuildFile; fileRef = 79E1F5282897960E00458B04 /* Description.swift */; };
/* End PBXBuildFile section */

/* Begin PBXFileReference section */
		79C9221F2896D18E0099B78A /* DragDropToy.app */ = {isa = PBXFileReference; explicitFileType = wrapper.application; includeInIndex = 0; path = DragDropToy.app; sourceTree = BUILT_PRODUCTS_DIR; };
		79C922222896D18E0099B78A /* DragDropToyApp.swift */ = {isa = PBXFileReference; lastKnownFileType = sourcecode.swift; path = DragDropToyApp.swift; sourceTree = "<group>"; };
		79C922262896D18E0099B78A /* Assets.xcassets */ = {isa = PBXFileReference; lastKnownFileType = folder.assetcatalog; path = Assets.xcassets; sourceTree = "<group>"; };
		79C922292896D18E0099B78A /* Preview Assets.xcassets */ = {isa = PBXFileReference; lastKnownFileType = folder.assetcatalog; path = "Preview Assets.xcassets"; sourceTree = "<group>"; };
		79C922302896D1C30099B78A /* ToyViewModel.swift */ = {isa = PBXFileReference; lastKnownFileType = sourcecode.swift; path = ToyViewModel.swift; sourceTree = "<group>"; };
		79C922322896D1E30099B78A /* BabyToyView.swift */ = {isa = PBXFileReference; lastKnownFileType = sourcecode.swift; path = BabyToyView.swift; sourceTree = "<group>"; };
		79C922342896D2010099B78A /* DraggableToy.swift */ = {isa = PBXFileReference; lastKnownFileType = sourcecode.swift; path = DraggableToy.swift; sourceTree = "<group>"; };
		79C922362896D2110099B78A /* ToyContainer.swift */ = {isa = PBXFileReference; lastKnownFileType = sourcecode.swift; path = ToyContainer.swift; sourceTree = "<group>"; };
		79C922382896D22B0099B78A /* Toy.swift */ = {isa = PBXFileReference; lastKnownFileType = sourcecode.swift; path = Toy.swift; sourceTree = "<group>"; };
		79E1F5282897960E00458B04 /* Description.swift */ = {isa = PBXFileReference; lastKnownFileType = sourcecode.swift; path = Description.swift; sourceTree = "<group>"; };
/* End PBXFileReference section */

/* Begin PBXFrameworksBuildPhase section */
		79C9221C2896D18E0099B78A /* Frameworks */ = {
			isa = PBXFrameworksBuildPhase;
			buildActionMask = 2147483647;
			files = (
			);
			runOnlyForDeploymentPostprocessing = 0;
		};
/* End PBXFrameworksBuildPhase section */

/* Begin PBXGroup section */
		79C922162896D18E0099B78A = {
			isa = PBXGroup;
			children = (
				79C922212896D18E0099B78A /* DragDropToy */,
				79C922202896D18E0099B78A /* Products */,
			);
			sourceTree = "<group>";
		};
		79C922202896D18E0099B78A /* Products */ = {
			isa = PBXGroup;
			children = (
				79C9221F2896D18E0099B78A /* DragDropToy.app */,
			);
			name = Products;
			sourceTree = "<group>";
		};
		79C922212896D18E0099B78A /* DragDropToy */ = {
			isa = PBXGroup;
			children = (
				79E1F5282897960E00458B04 /* Description.swift */,
				79C922222896D18E0099B78A /* DragDropToyApp.swift */,
				79C922302896D1C30099B78A /* ToyViewModel.swift */,
				79C922322896D1E30099B78A /* BabyToyView.swift */,
				79C922342896D2010099B78A /* DraggableToy.swift */,
				79C922362896D2110099B78A /* ToyContainer.swift */,
				79C922382896D22B0099B78A /* Toy.swift */,
				79C922262896D18E0099B78A /* Assets.xcassets */,
				79C922282896D18E0099B78A /* Preview Content */,
			);
			path = DragDropToy;
			sourceTree = "<group>";
		};
		79C922282896D18E0099B78A /* Preview Content */ = {
			isa = PBXGroup;
			children = (
				79C922292896D18E0099B78A /* Preview Assets.xcassets */,
			);
			path = "Preview Content";
			sourceTree = "<group>";
		};
/* End PBXGroup section */

/* Begin PBXNativeTarget section */
		79C9221E2896D18E0099B78A /* DragDropToy */ = {
			isa = PBXNativeTarget;
			buildConfigurationList = 79C9222D2896D18E0099B78A /* Build configuration list for PBXNativeTarget "DragDropToy" */;
			buildPhases = (
				79C9221B2896D18E0099B78A /* Sources */,
				79C9221C2896D18E0099B78A /* Frameworks */,
				79C9221D2896D18E0099B78A /* Resources */,
			);
			buildRules = (
			);
			dependencies = (
			);
			name = DragDropToy;
			productName = CrediOSTask;
			productReference = 79C9221F2896D18E0099B78A /* DragDropToy.app */;
			productType = "com.apple.product-type.application";
		};
/* End PBXNativeTarget section */

/* Begin PBXProject section */
		79C922172896D18E0099B78A /* Project object */ = {
			isa = PBXProject;
			attributes = {
				BuildIndependentTargetsInParallel = 1;
				LastSwiftUpdateCheck = 1340;
				LastUpgradeCheck = 1340;
				TargetAttributes = {
					79C9221E2896D18E0099B78A = {
						CreatedOnToolsVersion = 13.4.1;
					};
				};
			};
			buildConfigurationList = 79C9221A2896D18E0099B78A /* Build configuration list for PBXProject "DragDropToy" */;
			compatibilityVersion = "Xcode 13.0";
			developmentRegion = en;
			hasScannedForEncodings = 0;
			knownRegions = (
				en,
				Base,
			);
			mainGroup = 79C922162896D18E0099B78A;
			productRefGroup = 79C922202896D18E0099B78A /* Products */;
			projectDirPath = "";
			projectRoot = "";
			targets = (
				79C9221E2896D18E0099B78A /* DragDropToy */,
			);
		};
/* End PBXProject section */

/* Begin PBXResourcesBuildPhase section */
		79C9221D2896D18E0099B78A /* Resources */ = {
			isa = PBXResourcesBuildPhase;
			buildActionMask = 2147483647;
			files = (
				79C9222A2896D18E0099B78A /* Preview Assets.xcassets in Resources */,
				79C922272896D18E0099B78A /* Assets.xcassets in Resources */,
			);
			runOnlyForDeploymentPostprocessing = 0;
		};
/* End PBXResourcesBuildPhase section */

/* Begin PBXSourcesBuildPhase section */
		79C9221B2896D18E0099B78A /* Sources */ = {
			isa = PBXSourcesBuildPhase;
			buildActionMask = 2147483647;
			files = (
				79C922312896D1C30099B78A /* ToyViewModel.swift in Sources */,
				79C922332896D1E30099B78A /* BabyToyView.swift in Sources */,
				79C922392896D22B0099B78A /* Toy.swift in Sources */,
				79E1F5292897960E00458B04 /* Description.swift in Sources */,
				79C922372896D2110099B78A /* ToyContainer.swift in Sources */,
				79C922352896D2010099B78A /* DraggableToy.swift in Sources */,
				79C922232896D18E0099B78A /* DragDropToyApp.swift in Sources */,
			);
			runOnlyForDeploymentPostprocessing = 0;
		};
/* End PBXSourcesBuildPhase section */

/* Begin XCBuildConfiguration section */
		79C9222B2896D18E0099B78A /* Debug */ = {
			isa = XCBuildConfiguration;
			buildSettings = {
				ALWAYS_SEARCH_USER_PATHS = NO;
				CLANG_ANALYZER_NONNULL = YES;
				CLANG_ANALYZER_NUMBER_OBJECT_CONVERSION = YES_AGGRESSIVE;
				CLANG_CXX_LANGUAGE_STANDARD = "gnu++17";
				CLANG_ENABLE_MODULES = YES;
				CLANG_ENABLE_OBJC_ARC = YES;
				CLANG_ENABLE_OBJC_WEAK = YES;
				CLANG_WARN_BLOCK_CAPTURE_AUTORELEASING = YES;
				CLANG_WARN_BOOL_CONVERSION = YES;
				CLANG_WARN_COMMA = YES;
				CLANG_WARN_CONSTANT_CONVERSION = YES;
				CLANG_WARN_DEPRECATED_OBJC_IMPLEMENTATIONS = YES;
				CLANG_WARN_DIRECT_OBJC_ISA_USAGE = YES_ERROR;
				CLANG_WARN_DOCUMENTATION_COMMENTS = YES;
				CLANG_WARN_EMPTY_BODY = YES;
				CLANG_WARN_ENUM_CONVERSION = YES;
				CLANG_WARN_INFINITE_RECURSION = YES;
				CLANG_WARN_INT_CONVERSION = YES;
				CLANG_WARN_NON_LITERAL_NULL_CONVERSION = YES;
				CLANG_WARN_OBJC_IMPLICIT_RETAIN_SELF = YES;
				CLANG_WARN_OBJC_LITERAL_CONVERSION = YES;
				CLANG_WARN_OBJC_ROOT_CLASS = YES_ERROR;
				CLANG_WARN_QUOTED_INCLUDE_IN_FRAMEWORK_HEADER = YES;
				CLANG_WARN_RANGE_LOOP_ANALYSIS = YES;
				CLANG_WARN_STRICT_PROTOTYPES = YES;
				CLANG_WARN_SUSPICIOUS_MOVE = YES;
				CLANG_WARN_UNGUARDED_AVAILABILITY = YES_AGGRESSIVE;
				CLANG_WARN_UNREACHABLE_CODE = YES;
				CLANG_WARN__DUPLICATE_METHOD_MATCH = YES;
				COPY_PHASE_STRIP = NO;
				DEBUG_INFORMATION_FORMAT = dwarf;
				ENABLE_STRICT_OBJC_MSGSEND = YES;
				ENABLE_TESTABILITY = YES;
				GCC_C_LANGUAGE_STANDARD = gnu11;
				GCC_DYNAMIC_NO_PIC = NO;
				GCC_NO_COMMON_BLOCKS = YES;
				GCC_OPTIMIZATION_LEVEL = 0;
				GCC_PREPROCESSOR_DEFINITIONS = (
					"DEBUG=1",
					"$(inherited)",
				);
				GCC_WARN_64_TO_32_BIT_CONVERSION = YES;
				GCC_WARN_ABOUT_RETURN_TYPE = YES_ERROR;
				GCC_WARN_UNDECLARED_SELECTOR = YES;
				GCC_WARN_UNINITIALIZED_AUTOS = YES_AGGRESSIVE;
				GCC_WARN_UNUSED_FUNCTION = YES;
				GCC_WARN_UNUSED_VARIABLE = YES;
				IPHONEOS_DEPLOYMENT_TARGET = 15.5;
				MTL_ENABLE_DEBUG_INFO = INCLUDE_SOURCE;
				MTL_FAST_MATH = YES;
				ONLY_ACTIVE_ARCH = YES;
				SDKROOT = iphoneos;
				SWIFT_ACTIVE_COMPILATION_CONDITIONS = DEBUG;
				SWIFT_OPTIMIZATION_LEVEL = "-Onone";
			};
			name = Debug;
		};
		79C9222C2896D18E0099B78A /* Release */ = {
			isa = XCBuildConfiguration;
			buildSettings = {
				ALWAYS_SEARCH_USER_PATHS = NO;
				CLANG_ANALYZER_NONNULL = YES;
				CLANG_ANALYZER_NUMBER_OBJECT_CONVERSION = YES_AGGRESSIVE;
				CLANG_CXX_LANGUAGE_STANDARD = "gnu++17";
				CLANG_ENABLE_MODULES = YES;
				CLANG_ENABLE_OBJC_ARC = YES;
				CLANG_ENABLE_OBJC_WEAK = YES;
				CLANG_WARN_BLOCK_CAPTURE_AUTORELEASING = YES;
				CLANG_WARN_BOOL_CONVERSION = YES;
				CLANG_WARN_COMMA = YES;
				CLANG_WARN_CONSTANT_CONVERSION = YES;
				CLANG_WARN_DEPRECATED_OBJC_IMPLEMENTATIONS = YES;
				CLANG_WARN_DIRECT_OBJC_ISA_USAGE = YES_ERROR;
				CLANG_WARN_DOCUMENTATION_COMMENTS = YES;
				CLANG_WARN_EMPTY_BODY = YES;
				CLANG_WARN_ENUM_CONVERSION = YES;
				CLANG_WARN_INFINITE_RECURSION = YES;
				CLANG_WARN_INT_CONVERSION = YES;
				CLANG_WARN_NON_LITERAL_NULL_CONVERSION = YES;
				CLANG_WARN_OBJC_IMPLICIT_RETAIN_SELF = YES;
				CLANG_WARN_OBJC_LITERAL_CONVERSION = YES;
				CLANG_WARN_OBJC_ROOT_CLASS = YES_ERROR;
				CLANG_WARN_QUOTED_INCLUDE_IN_FRAMEWORK_HEADER = YES;
				CLANG_WARN_RANGE_LOOP_ANALYSIS = YES;
				CLANG_WARN_STRICT_PROTOTYPES = YES;
				CLANG_WARN_SUSPICIOUS_MOVE = YES;
				CLANG_WARN_UNGUARDED_AVAILABILITY = YES_AGGRESSIVE;
				CLANG_WARN_UNREACHABLE_CODE = YES;
				CLANG_WARN__DUPLICATE_METHOD_MATCH = YES;
				COPY_PHASE_STRIP = NO;
				DEBUG_INFORMATION_FORMAT = "dwarf-with-dsym";
				ENABLE_NS_ASSERTIONS = NO;
				ENABLE_STRICT_OBJC_MSGSEND = YES;
				GCC_C_LANGUAGE_STANDARD = gnu11;
				GCC_NO_COMMON_BLOCKS = YES;
				GCC_WARN_64_TO_32_BIT_CONVERSION = YES;
				GCC_WARN_ABOUT_RETURN_TYPE = YES_ERROR;
				GCC_WARN_UNDECLARED_SELECTOR = YES;
				GCC_WARN_UNINITIALIZED_AUTOS = YES_AGGRESSIVE;
				GCC_WARN_UNUSED_FUNCTION = YES;
				GCC_WARN_UNUSED_VARIABLE = YES;
				IPHONEOS_DEPLOYMENT_TARGET = 15.5;
				MTL_ENABLE_DEBUG_INFO = NO;
				MTL_FAST_MATH = YES;
				SDKROOT = iphoneos;
				SWIFT_COMPILATION_MODE = wholemodule;
				SWIFT_OPTIMIZATION_LEVEL = "-O";
				VALIDATE_PRODUCT = YES;
			};
			name = Release;
		};
		79C9222E2896D18E0099B78A /* Debug */ = {
			isa = XCBuildConfiguration;
			buildSettings = {
				ASSETCATALOG_COMPILER_APPICON_NAME = AppIcon;
				ASSETCATALOG_COMPILER_GLOBAL_ACCENT_COLOR_NAME = AccentColor;
				CODE_SIGN_STYLE = Automatic;
				CURRENT_PROJECT_VERSION = 1;
				DEVELOPMENT_ASSET_PATHS = "\"DragDropToy/Preview Content\"";
				DEVELOPMENT_TEAM = YXU4MPKCJV;
				ENABLE_PREVIEWS = YES;
				GENERATE_INFOPLIST_FILE = YES;
				INFOPLIST_KEY_UIApplicationSceneManifest_Generation = YES;
				INFOPLIST_KEY_UIApplicationSupportsIndirectInputEvents = YES;
				INFOPLIST_KEY_UILaunchScreen_Generation = YES;
				INFOPLIST_KEY_UISupportedInterfaceOrientations_iPad = "UIInterfaceOrientationPortrait UIInterfaceOrientationPortraitUpsideDown UIInterfaceOrientationLandscapeLeft UIInterfaceOrientationLandscapeRight";
				INFOPLIST_KEY_UISupportedInterfaceOrientations_iPhone = "UIInterfaceOrientationPortrait UIInterfaceOrientationLandscapeLeft UIInterfaceOrientationLandscapeRight";
				LD_RUNPATH_SEARCH_PATHS = (
					"$(inherited)",
					"@executable_path/Frameworks",
				);
				MARKETING_VERSION = 1.0;
				PRODUCT_BUNDLE_IDENTIFIER = com.margibhatt.CrediOSTask;
				PRODUCT_NAME = "$(TARGET_NAME)";
				SWIFT_EMIT_LOC_STRINGS = YES;
				SWIFT_VERSION = 5.0;
				TARGETED_DEVICE_FAMILY = "1,2";
			};
			name = Debug;
		};
		79C9222F2896D18E0099B78A /* Release */ = {
			isa = XCBuildConfiguration;
			buildSettings = {
				ASSETCATALOG_COMPILER_APPICON_NAME = AppIcon;
				ASSETCATALOG_COMPILER_GLOBAL_ACCENT_COLOR_NAME = AccentColor;
				CODE_SIGN_STYLE = Automatic;
				CURRENT_PROJECT_VERSION = 1;
				DEVELOPMENT_ASSET_PATHS = "\"DragDropToy/Preview Content\"";
				DEVELOPMENT_TEAM = YXU4MPKCJV;
				ENABLE_PREVIEWS = YES;
				GENERATE_INFOPLIST_FILE = YES;
				INFOPLIST_KEY_UIApplicationSceneManifest_Generation = YES;
				INFOPLIST_KEY_UIApplicationSupportsIndirectInputEvents = YES;
				INFOPLIST_KEY_UILaunchScreen_Generation = YES;
				INFOPLIST_KEY_UISupportedInterfaceOrientations_iPad = "UIInterfaceOrientationPortrait UIInterfaceOrientationPortraitUpsideDown UIInterfaceOrientationLandscapeLeft UIInterfaceOrientationLandscapeRight";
				INFOPLIST_KEY_UISupportedInterfaceOrientations_iPhone = "UIInterfaceOrientationPortrait UIInterfaceOrientationLandscapeLeft UIInterfaceOrientationLandscapeRight";
				LD_RUNPATH_SEARCH_PATHS = (
					"$(inherited)",
					"@executable_path/Frameworks",
				);
				MARKETING_VERSION = 1.0;
				PRODUCT_BUNDLE_IDENTIFIER = com.margibhatt.CrediOSTask;
				PRODUCT_NAME = "$(TARGET_NAME)";
				SWIFT_EMIT_LOC_STRINGS = YES;
				SWIFT_VERSION = 5.0;
				TARGETED_DEVICE_FAMILY = "1,2";
			};
			name = Release;
		};
/* End XCBuildConfiguration section */

/* Begin XCConfigurationList section */
		79C9221A2896D18E0099B78A /* Build configuration list for PBXProject "DragDropToy" */ = {
			isa = XCConfigurationList;
			buildConfigurations = (
				79C9222B2896D18E0099B78A /* Debug */,
				79C9222C2896D18E0099B78A /* Release */,
			);
			defaultConfigurationIsVisible = 0;
			defaultConfigurationName = Release;
		};
		79C9222D2896D18E0099B78A /* Build configuration list for PBXNativeTarget "DragDropToy" */ = {
			isa = XCConfigurationList;
			buildConfigurations = (
				79C9222E2896D18E0099B78A /* Debug */,
				79C9222F2896D18E0099B78A /* Release */,
			);
			defaultConfigurationIsVisible = 0;
			defaultConfigurationName = Release;
		};
/* End XCConfigurationList section */
	};
	rootObject = 79C922172896D18E0099B78A /* Project object */;
}
